// !$*UTF8*$!
{
	archiveVersion = 1;
	classes = {
	};
	objectVersion = 42;
	objects = {

/* Begin PBXBuildFile section */
		1413630A11ECB77400203F0A /* bBitMapGraphicContext.cpp in Sources */ = {isa = PBXBuildFile; fileRef = 1413630811ECB77400203F0A /* bBitMapGraphicContext.cpp */; };
		1413630B11ECB77400203F0A /* bBitMapGraphicContext.h in Headers */ = {isa = PBXBuildFile; fileRef = 1413630911ECB77400203F0A /* bBitMapGraphicContext.h */; };
		142FE2670C145A8A004163E6 /* bKMLGraphicContext.cpp in Sources */ = {isa = PBXBuildFile; fileRef = 142FE2650C145A8A004163E6 /* bKMLGraphicContext.cpp */; };
		142FE2680C145A8A004163E6 /* bKMLGraphicContext.h in Headers */ = {isa = PBXBuildFile; fileRef = 142FE2660C145A8A004163E6 /* bKMLGraphicContext.h */; };
		147CA7040862FB6B00D486A0 /* lib_Prefix.pch in Headers */ = {isa = PBXBuildFile; fileRef = 147CA7030862FB6B00D486A0 /* lib_Prefix.pch */; };
		149767AC08C5B90600F9E7F8 /* main.h in Headers */ = {isa = PBXBuildFile; fileRef = 149767AB08C5B90600F9E7F8 /* main.h */; };
		1497F58212A84731009A0036 /* bCtxGraphicContext.cpp in Sources */ = {isa = PBXBuildFile; fileRef = 1497F58012A84731009A0036 /* bCtxGraphicContext.cpp */; };
		1497F58312A84731009A0036 /* bCtxGraphicContext.h in Headers */ = {isa = PBXBuildFile; fileRef = 1497F58112A84731009A0036 /* bCtxGraphicContext.h */; };
		149A401A0B14A15700B39EBB /* bPrintGraphicContext.cpp in Sources */ = {isa = PBXBuildFile; fileRef = 149A40180B14A15700B39EBB /* bPrintGraphicContext.cpp */; };
		149A401B0B14A15700B39EBB /* bPrintGraphicContext.h in Headers */ = {isa = PBXBuildFile; fileRef = 149A40190B14A15700B39EBB /* bPrintGraphicContext.h */; };
		14AF7C761D2E5CF600B554A8 /* bSVGGraphicContext.cpp in Sources */ = {isa = PBXBuildFile; fileRef = 14AF7C741D2E5CF600B554A8 /* bSVGGraphicContext.cpp */; };
		14AF7C771D2E5CF600B554A8 /* bSVGGraphicContext.h in Headers */ = {isa = PBXBuildFile; fileRef = 14AF7C751D2E5CF600B554A8 /* bSVGGraphicContext.h */; };
		14BDA06908727BEA004EA1CE /* bCGGraphicContext.cpp in Sources */ = {isa = PBXBuildFile; fileRef = 14BDA06108727BEA004EA1CE /* bCGGraphicContext.cpp */; };
		14BDA06A08727BEA004EA1CE /* bCGGraphicContext.h in Headers */ = {isa = PBXBuildFile; fileRef = 14BDA06208727BEA004EA1CE /* bCGGraphicContext.h */; };
		14BDA06B08727BEA004EA1CE /* bMacMapGraphicContext.cpp in Sources */ = {isa = PBXBuildFile; fileRef = 14BDA06308727BEA004EA1CE /* bMacMapGraphicContext.cpp */; };
		14BDA06C08727BEA004EA1CE /* bMacMapGraphicContext.h in Headers */ = {isa = PBXBuildFile; fileRef = 14BDA06408727BEA004EA1CE /* bMacMapGraphicContext.h */; };
		14BDA06D08727BEA004EA1CE /* bPDFGraphicContext.cpp in Sources */ = {isa = PBXBuildFile; fileRef = 14BDA06508727BEA004EA1CE /* bPDFGraphicContext.cpp */; };
		14BDA06E08727BEA004EA1CE /* bPDFGraphicContext.h in Headers */ = {isa = PBXBuildFile; fileRef = 14BDA06608727BEA004EA1CE /* bPDFGraphicContext.h */; };
		14BEA72B21919D68008B60DB /* Cocoa.framework in Frameworks */ = {isa = PBXBuildFile; fileRef = 14BEA72A21919D68008B60DB /* Cocoa.framework */; };
		14CA06D721B187D8001B3EB6 /* mox_intf.framework in Frameworks */ = {isa = PBXBuildFile; fileRef = 14CA06D621B187D8001B3EB6 /* mox_intf.framework */; };
		14E43BCA19F952FA00A8CAA9 /* MacMapSuite.framework in Frameworks */ = {isa = PBXBuildFile; fileRef = 14E43BC819F952FA00A8CAA9 /* MacMapSuite.framework */; };
		8D01CCCA0486CAD60068D4B7 /* InfoPlist.strings in Resources */ = {isa = PBXBuildFile; fileRef = 089C167DFE841241C02AAC07 /* InfoPlist.strings */; };
		8D01CCCC0486CAD60068D4B7 /* main.cpp in Sources */ = {isa = PBXBuildFile; fileRef = 08FB77B2FE8417CDC02AAC07 /* main.cpp */; settings = {ATTRIBUTES = (); }; };
/* End PBXBuildFile section */

/* Begin PBXFileReference section */
		08FB77B2FE8417CDC02AAC07 /* main.cpp */ = {isa = PBXFileReference; fileEncoding = 30; lastKnownFileType = sourcecode.cpp.cpp; path = main.cpp; sourceTree = "<group>"; };
		1413630811ECB77400203F0A /* bBitMapGraphicContext.cpp */ = {isa = PBXFileReference; fileEncoding = 4; lastKnownFileType = sourcecode.cpp.cpp; path = bBitMapGraphicContext.cpp; sourceTree = "<group>"; };
		1413630911ECB77400203F0A /* bBitMapGraphicContext.h */ = {isa = PBXFileReference; fileEncoding = 4; lastKnownFileType = sourcecode.c.h; path = bBitMapGraphicContext.h; sourceTree = "<group>"; };
		141E50D1241A15D20088EA06 /* fr */ = {isa = PBXFileReference; lastKnownFileType = text.plist.strings; name = fr; path = fr.lproj/InfoPlist.strings; sourceTree = "<group>"; };
		141E50D2241A15D60088EA06 /* en */ = {isa = PBXFileReference; lastKnownFileType = text.plist.strings; name = en; path = en.lproj/InfoPlist.strings; sourceTree = "<group>"; };
		141E50D3241A15D90088EA06 /* it */ = {isa = PBXFileReference; lastKnownFileType = text.plist.strings; name = it; path = it.lproj/InfoPlist.strings; sourceTree = "<group>"; };
		142FE2650C145A8A004163E6 /* bKMLGraphicContext.cpp */ = {isa = PBXFileReference; fileEncoding = 4; lastKnownFileType = sourcecode.cpp.cpp; path = bKMLGraphicContext.cpp; sourceTree = "<group>"; };
		142FE2660C145A8A004163E6 /* bKMLGraphicContext.h */ = {isa = PBXFileReference; fileEncoding = 4; lastKnownFileType = sourcecode.c.h; path = bKMLGraphicContext.h; sourceTree = "<group>"; };
		147CA7030862FB6B00D486A0 /* lib_Prefix.pch */ = {isa = PBXFileReference; fileEncoding = 4; lastKnownFileType = sourcecode.c.h; path = lib_Prefix.pch; sourceTree = "<group>"; };
		149767AB08C5B90600F9E7F8 /* main.h */ = {isa = PBXFileReference; fileEncoding = 4; lastKnownFileType = sourcecode.c.h; path = main.h; sourceTree = "<group>"; };
		1497F58012A84731009A0036 /* bCtxGraphicContext.cpp */ = {isa = PBXFileReference; fileEncoding = 4; lastKnownFileType = sourcecode.cpp.cpp; path = bCtxGraphicContext.cpp; sourceTree = "<group>"; };
		1497F58112A84731009A0036 /* bCtxGraphicContext.h */ = {isa = PBXFileReference; fileEncoding = 4; lastKnownFileType = sourcecode.c.h; path = bCtxGraphicContext.h; sourceTree = "<group>"; };
		149A40180B14A15700B39EBB /* bPrintGraphicContext.cpp */ = {isa = PBXFileReference; fileEncoding = 4; lastKnownFileType = sourcecode.cpp.cpp; path = bPrintGraphicContext.cpp; sourceTree = "<group>"; };
		149A40190B14A15700B39EBB /* bPrintGraphicContext.h */ = {isa = PBXFileReference; fileEncoding = 4; lastKnownFileType = sourcecode.c.h; path = bPrintGraphicContext.h; sourceTree = "<group>"; };
		14AF7C741D2E5CF600B554A8 /* bSVGGraphicContext.cpp */ = {isa = PBXFileReference; fileEncoding = 4; lastKnownFileType = sourcecode.cpp.cpp; path = bSVGGraphicContext.cpp; sourceTree = "<group>"; };
		14AF7C751D2E5CF600B554A8 /* bSVGGraphicContext.h */ = {isa = PBXFileReference; fileEncoding = 4; lastKnownFileType = sourcecode.c.h; path = bSVGGraphicContext.h; sourceTree = "<group>"; };
		14BDA06108727BEA004EA1CE /* bCGGraphicContext.cpp */ = {isa = PBXFileReference; fileEncoding = 4; lastKnownFileType = sourcecode.cpp.cpp; path = bCGGraphicContext.cpp; sourceTree = "<group>"; };
		14BDA06208727BEA004EA1CE /* bCGGraphicContext.h */ = {isa = PBXFileReference; fileEncoding = 4; lastKnownFileType = sourcecode.c.h; path = bCGGraphicContext.h; sourceTree = "<group>"; };
		14BDA06308727BEA004EA1CE /* bMacMapGraphicContext.cpp */ = {isa = PBXFileReference; fileEncoding = 4; lastKnownFileType = sourcecode.cpp.cpp; path = bMacMapGraphicContext.cpp; sourceTree = "<group>"; };
		14BDA06408727BEA004EA1CE /* bMacMapGraphicContext.h */ = {isa = PBXFileReference; fileEncoding = 4; lastKnownFileType = sourcecode.c.h; path = bMacMapGraphicContext.h; sourceTree = "<group>"; };
		14BDA06508727BEA004EA1CE /* bPDFGraphicContext.cpp */ = {isa = PBXFileReference; fileEncoding = 4; lastKnownFileType = sourcecode.cpp.cpp; path = bPDFGraphicContext.cpp; sourceTree = "<group>"; };
		14BDA06608727BEA004EA1CE /* bPDFGraphicContext.h */ = {isa = PBXFileReference; fileEncoding = 4; lastKnownFileType = sourcecode.c.h; path = bPDFGraphicContext.h; sourceTree = "<group>"; };
		14BEA72A21919D68008B60DB /* Cocoa.framework */ = {isa = PBXFileReference; lastKnownFileType = wrapper.framework; name = Cocoa.framework; path = System/Library/Frameworks/Cocoa.framework; sourceTree = SDKROOT; };
		14CA06D621B187D8001B3EB6 /* mox_intf.framework */ = {isa = PBXFileReference; lastKnownFileType = wrapper.framework; name = mox_intf.framework; path = "../../Applis/Current/MacMap®/build/Release/mox_intf.framework"; sourceTree = "<group>"; };
		14E43BC819F952FA00A8CAA9 /* MacMapSuite.framework */ = {isa = PBXFileReference; lastKnownFileType = wrapper.framework; name = MacMapSuite.framework; path = ../../../../../../../Library/Frameworks/MacMapSuite.framework; sourceTree = "<group>"; };
		8D01CCD10486CAD60068D4B7 /* Info.plist */ = {isa = PBXFileReference; fileEncoding = 4; lastKnownFileType = text.plist; path = Info.plist; sourceTree = "<group>"; };
		8D01CCD20486CAD60068D4B7 /* graphics.bundle */ = {isa = PBXFileReference; explicitFileType = wrapper.cfbundle; includeInIndex = 0; path = graphics.bundle; sourceTree = BUILT_PRODUCTS_DIR; };
/* End PBXFileReference section */

/* Begin PBXFrameworksBuildPhase section */
		8D01CCCD0486CAD60068D4B7 /* Frameworks */ = {
			isa = PBXFrameworksBuildPhase;
			buildActionMask = 2147483647;
			files = (
				14CA06D721B187D8001B3EB6 /* mox_intf.framework in Frameworks */,
				14BEA72B21919D68008B60DB /* Cocoa.framework in Frameworks */,
				14E43BCA19F952FA00A8CAA9 /* MacMapSuite.framework in Frameworks */,
			);
			runOnlyForDeploymentPostprocessing = 0;
		};
/* End PBXFrameworksBuildPhase section */

/* Begin PBXGroup section */
		089C166AFE841209C02AAC07 /* Select */ = {
			isa = PBXGroup;
			children = (
				08FB77ADFE841716C02AAC07 /* Source */,
				089C167CFE841241C02AAC07 /* Resources */,
				089C1671FE841209C02AAC07 /* External Frameworks and Libraries */,
				19C28FB4FE9D528D11CA2CBB /* Products */,
			);
			name = Select;
			sourceTree = "<group>";
		};
		089C1671FE841209C02AAC07 /* External Frameworks and Libraries */ = {
			isa = PBXGroup;
			children = (
				14BEA72A21919D68008B60DB /* Cocoa.framework */,
				14E43BC819F952FA00A8CAA9 /* MacMapSuite.framework */,
				14CA06D621B187D8001B3EB6 /* mox_intf.framework */,
			);
			name = "External Frameworks and Libraries";
			sourceTree = "<group>";
		};
		089C167CFE841241C02AAC07 /* Resources */ = {
			isa = PBXGroup;
			children = (
				8D01CCD10486CAD60068D4B7 /* Info.plist */,
				089C167DFE841241C02AAC07 /* InfoPlist.strings */,
			);
			name = Resources;
			sourceTree = SOURCE_ROOT;
		};
		08FB77ADFE841716C02AAC07 /* Source */ = {
			isa = PBXGroup;
			children = (
				147CA7030862FB6B00D486A0 /* lib_Prefix.pch */,
				08FB77B2FE8417CDC02AAC07 /* main.cpp */,
				149767AB08C5B90600F9E7F8 /* main.h */,
				14BDA06308727BEA004EA1CE /* bMacMapGraphicContext.cpp */,
				14BDA06408727BEA004EA1CE /* bMacMapGraphicContext.h */,
				14BDA06108727BEA004EA1CE /* bCGGraphicContext.cpp */,
				14BDA06208727BEA004EA1CE /* bCGGraphicContext.h */,
				1497F58012A84731009A0036 /* bCtxGraphicContext.cpp */,
				1497F58112A84731009A0036 /* bCtxGraphicContext.h */,
				14BDA06508727BEA004EA1CE /* bPDFGraphicContext.cpp */,
				14BDA06608727BEA004EA1CE /* bPDFGraphicContext.h */,
				149A40180B14A15700B39EBB /* bPrintGraphicContext.cpp */,
				149A40190B14A15700B39EBB /* bPrintGraphicContext.h */,
				1413630811ECB77400203F0A /* bBitMapGraphicContext.cpp */,
				1413630911ECB77400203F0A /* bBitMapGraphicContext.h */,
				142FE2650C145A8A004163E6 /* bKMLGraphicContext.cpp */,
				142FE2660C145A8A004163E6 /* bKMLGraphicContext.h */,
				14AF7C741D2E5CF600B554A8 /* bSVGGraphicContext.cpp */,
				14AF7C751D2E5CF600B554A8 /* bSVGGraphicContext.h */,
			);
			name = Source;
			sourceTree = "<group>";
		};
		19C28FB4FE9D528D11CA2CBB /* Products */ = {
			isa = PBXGroup;
			children = (
				8D01CCD20486CAD60068D4B7 /* graphics.bundle */,
			);
			name = Products;
			sourceTree = "<group>";
		};
/* End PBXGroup section */

/* Begin PBXHeadersBuildPhase section */
		8D01CCC70486CAD60068D4B7 /* Headers */ = {
			isa = PBXHeadersBuildPhase;
			buildActionMask = 2147483647;
			files = (
				147CA7040862FB6B00D486A0 /* lib_Prefix.pch in Headers */,
				14BDA06A08727BEA004EA1CE /* bCGGraphicContext.h in Headers */,
				14BDA06C08727BEA004EA1CE /* bMacMapGraphicContext.h in Headers */,
				14BDA06E08727BEA004EA1CE /* bPDFGraphicContext.h in Headers */,
				149767AC08C5B90600F9E7F8 /* main.h in Headers */,
				149A401B0B14A15700B39EBB /* bPrintGraphicContext.h in Headers */,
				142FE2680C145A8A004163E6 /* bKMLGraphicContext.h in Headers */,
				14AF7C771D2E5CF600B554A8 /* bSVGGraphicContext.h in Headers */,
				1413630B11ECB77400203F0A /* bBitMapGraphicContext.h in Headers */,
				1497F58312A84731009A0036 /* bCtxGraphicContext.h in Headers */,
			);
			runOnlyForDeploymentPostprocessing = 0;
		};
/* End PBXHeadersBuildPhase section */

/* Begin PBXNativeTarget section */
		8D01CCC60486CAD60068D4B7 /* graphics */ = {
			isa = PBXNativeTarget;
			buildConfigurationList = 149F34E808C2FD2200C314EB /* Build configuration list for PBXNativeTarget "graphics" */;
			buildPhases = (
				8D01CCC70486CAD60068D4B7 /* Headers */,
				8D01CCC90486CAD60068D4B7 /* Resources */,
				8D01CCCB0486CAD60068D4B7 /* Sources */,
				8D01CCCD0486CAD60068D4B7 /* Frameworks */,
				8D01CCCF0486CAD60068D4B7 /* Rez */,
			);
			buildRules = (
			);
			dependencies = (
			);
			name = graphics;
			productInstallPath = "$(HOME)/Library/Bundles";
			productName = Select;
			productReference = 8D01CCD20486CAD60068D4B7 /* graphics.bundle */;
			productType = "com.apple.product-type.bundle";
		};
/* End PBXNativeTarget section */

/* Begin PBXProject section */
		089C1669FE841209C02AAC07 /* Project object */ = {
			isa = PBXProject;
			attributes = {
			};
			buildConfigurationList = 149F34EC08C2FD2200C314EB /* Build configuration list for PBXProject "graphics" */;
			compatibilityVersion = "Xcode 2.4";
			developmentRegion = en;
			hasScannedForEncodings = 1;
			knownRegions = (
				fr,
				en,
				it,
			);
			mainGroup = 089C166AFE841209C02AAC07 /* Select */;
			projectDirPath = "";
			projectRoot = "";
			targets = (
				8D01CCC60486CAD60068D4B7 /* graphics */,
			);
		};
/* End PBXProject section */

/* Begin PBXResourcesBuildPhase section */
		8D01CCC90486CAD60068D4B7 /* Resources */ = {
			isa = PBXResourcesBuildPhase;
			buildActionMask = 2147483647;
			files = (
				8D01CCCA0486CAD60068D4B7 /* InfoPlist.strings in Resources */,
			);
			runOnlyForDeploymentPostprocessing = 0;
		};
/* End PBXResourcesBuildPhase section */

/* Begin PBXRezBuildPhase section */
		8D01CCCF0486CAD60068D4B7 /* Rez */ = {
			isa = PBXRezBuildPhase;
			buildActionMask = 2147483647;
			files = (
			);
			runOnlyForDeploymentPostprocessing = 0;
		};
/* End PBXRezBuildPhase section */

/* Begin PBXSourcesBuildPhase section */
		8D01CCCB0486CAD60068D4B7 /* Sources */ = {
			isa = PBXSourcesBuildPhase;
			buildActionMask = 2147483647;
			files = (
				8D01CCCC0486CAD60068D4B7 /* main.cpp in Sources */,
				14BDA06908727BEA004EA1CE /* bCGGraphicContext.cpp in Sources */,
				14BDA06B08727BEA004EA1CE /* bMacMapGraphicContext.cpp in Sources */,
				14BDA06D08727BEA004EA1CE /* bPDFGraphicContext.cpp in Sources */,
				149A401A0B14A15700B39EBB /* bPrintGraphicContext.cpp in Sources */,
				14AF7C761D2E5CF600B554A8 /* bSVGGraphicContext.cpp in Sources */,
				142FE2670C145A8A004163E6 /* bKMLGraphicContext.cpp in Sources */,
				1413630A11ECB77400203F0A /* bBitMapGraphicContext.cpp in Sources */,
				1497F58212A84731009A0036 /* bCtxGraphicContext.cpp in Sources */,
			);
			runOnlyForDeploymentPostprocessing = 0;
		};
/* End PBXSourcesBuildPhase section */

/* Begin PBXVariantGroup section */
		089C167DFE841241C02AAC07 /* InfoPlist.strings */ = {
			isa = PBXVariantGroup;
			children = (
				141E50D1241A15D20088EA06 /* fr */,
				141E50D2241A15D60088EA06 /* en */,
				141E50D3241A15D90088EA06 /* it */,
			);
			name = InfoPlist.strings;
			sourceTree = "<group>";
		};
/* End PBXVariantGroup section */

/* Begin XCBuildConfiguration section */
		149F34EA08C2FD2200C314EB /* Release */ = {
			isa = XCBuildConfiguration;
			buildSettings = {
				ARCHS = "$(ARCHS_STANDARD)";
				COPY_PHASE_STRIP = YES;
				FRAMEWORK_SEARCH_PATHS = (
					"$(SRCROOT)",
					"$(SRCROOT)/../../Applis/Current/MacMap®/build/Release",
					"$(LOCAL_LIBRARY_DIR)/Frameworks",
				);
				FRAMEWORK_SEARCH_PATHS_QUOTED_1 = "";
				GCC_ENABLE_FIX_AND_CONTINUE = NO;
				GCC_ENABLE_TRIGRAPHS = NO;
				GCC_GENERATE_DEBUGGING_SYMBOLS = NO;
				GCC_PRECOMPILE_PREFIX_HEADER = NO;
				GCC_PREFIX_HEADER = lib_Prefix.pch;
				GCC_WARN_ABOUT_MISSING_PROTOTYPES = NO;
				GCC_WARN_ALLOW_INCOMPLETE_PROTOCOL = NO;
				GCC_WARN_FOUR_CHARACTER_CONSTANTS = NO;
				GCC_WARN_UNKNOWN_PRAGMAS = NO;
				GENERATE_PKGINFO_FILE = YES;
				HEADER_SEARCH_PATHS = (
					"$(inherited)",
					"$(SDKROOT)/usr/include/libxml2",
				);
				INFOPLIST_FILE = Info.plist;
				INSTALL_PATH = build;
				LIBRARY_SEARCH_PATHS = "";
				LIBRARY_STYLE = Bundle;
				MACOSX_DEPLOYMENT_TARGET = "$(RECOMMENDED_MACOSX_DEPLOYMENT_TARGET)";
				OTHER_CFLAGS = "-xobjective-c++";
				OTHER_LDFLAGS = "";
				OTHER_REZFLAGS = "";
				PRODUCT_NAME = graphics;
				SECTORDER_FLAGS = "";
				SKIP_INSTALL = YES;
				WARNING_CFLAGS = (
					"-Wmost",
					"-Wno-four-char-constants",
					"-Wno-unknown-pragmas",
				);
				WRAPPER_EXTENSION = bundle;
				ZERO_LINK = NO;
			};
			name = Release;
		};
		149F34EE08C2FD2200C314EB /* Release */ = {
			isa = XCBuildConfiguration;
			buildSettings = {
				ARCHS = "$(ARCHS_STANDARD)";
				MACOSX_DEPLOYMENT_TARGET = "$(RECOMMENDED_MACOSX_DEPLOYMENT_TARGET)";
				SDKROOT = macosx;
			};
			name = Release;
		};
/* End XCBuildConfiguration section */

/* Begin XCConfigurationList section */
		149F34E808C2FD2200C314EB /* Build configuration list for PBXNativeTarget "graphics" */ = {
			isa = XCConfigurationList;
			buildConfigurations = (
				149F34EA08C2FD2200C314EB /* Release */,
			);
			defaultConfigurationIsVisible = 0;
			defaultConfigurationName = Release;
		};
		149F34EC08C2FD2200C314EB /* Build configuration list for PBXProject "graphics" */ = {
			isa = XCConfigurationList;
			buildConfigurations = (
				149F34EE08C2FD2200C314EB /* Release */,
			);
			defaultConfigurationIsVisible = 0;
			defaultConfigurationName = Release;
		};
/* End XCConfigurationList section */
	};
	rootObject = 089C1669FE841209C02AAC07 /* Project object */;
}
